
Microsoft Visual Studio Solution File, Format Version 12.00
# Visual Studio Version 17
VisualStudioVersion = 17.8.34408.163
MinimumVisualStudioVersion = 10.0.40219.1
Project("{FAE04EC0-301F-11D3-BF4B-00C04F79EFBC}") = "ManaPixel", "ManaPixel\ManaPixel.csproj", "{A568BB98-6CBD-4F50-8304-C4BFC95E653A}"
EndProject
Global
	GlobalSection(SolutionConfigurationPlatforms) = preSolution
		Debug|Any CPU = Debug|Any CPU
		Release|Any CPU = Release|Any CPU
	EndGlobalSection
	GlobalSection(ProjectConfigurationPlatforms) = postSolution
		{A568BB98-6CBD-4F50-8304-C4BFC95E653A}.Debug|Any CPU.ActiveCfg = Debug|Any CPU
		{A568BB98-6CBD-4F50-8304-C4BFC95E653A}.Debug|Any CPU.Build.0 = Debug|Any CPU
		{A568BB98-6CBD-4F50-8304-C4BFC95E653A}.Release|Any CPU.ActiveCfg = Release|Any CPU
		{A568BB98-6CBD-4F50-8304-C4BFC95E653A}.Release|Any CPU.Build.0 = Release|Any CPU
	EndGlobalSection
	GlobalSection(SolutionProperties) = preSolution
		HideSolutionNode = FALSE
	EndGlobalSection
	GlobalSection(ExtensibilityGlobals) = postSolution
		SolutionGuid = {0ED70F84-5601-4CE8-9DA6-6C45E68AC711}
	EndGlobalSection
EndGlobal
